// !$*UTF8*$!
{
	archiveVersion = 1;
	classes = {
	};
	objectVersion = 46;
	objects = {

/* Begin PBXBuildFile section */
		3C9CDEB41B267EE70046F3DD /* Images.xcassets in Resources */ = {isa = PBXBuildFile; fileRef = 3C9CDEB31B267EE70046F3DD /* Images.xcassets */; };
		3C9CDEC31B267EE70046F3DD /* LjjWeiboTests.m in Sources */ = {isa = PBXBuildFile; fileRef = 3C9CDEC21B267EE70046F3DD /* LjjWeiboTests.m */; };
		3C9CDF391B2928390046F3DD /* HomeViewController.m in Sources */ = {isa = PBXBuildFile; fileRef = 3C9CDF1F1B2928390046F3DD /* HomeViewController.m */; };
		3C9CDF3A1B2928390046F3DD /* MessageViewController.m in Sources */ = {isa = PBXBuildFile; fileRef = 3C9CDF251B2928390046F3DD /* MessageViewController.m */; };
		3C9CDF3B1B2928390046F3DD /* DiscoverViewController.m in Sources */ = {isa = PBXBuildFile; fileRef = 3C9CDF2B1B2928390046F3DD /* DiscoverViewController.m */; };
		3C9CDF3C1B2928390046F3DD /* MeViewController.m in Sources */ = {isa = PBXBuildFile; fileRef = 3C9CDF311B2928390046F3DD /* MeViewController.m */; };
		3C9CDF3D1B2928390046F3DD /* AppDelegate.m in Sources */ = {isa = PBXBuildFile; fileRef = 3C9CDF361B2928390046F3DD /* AppDelegate.m */; };
		3C9CDF3E1B2928390046F3DD /* main.m in Sources */ = {isa = PBXBuildFile; fileRef = 3C9CDF371B2928390046F3DD /* main.m */; };
		3C9CDF4A1B29389A0046F3DD /* UIImage+Ljj.m in Sources */ = {isa = PBXBuildFile; fileRef = 3C9CDF491B29389A0046F3DD /* UIImage+Ljj.m */; };
		3C9CDF541B2942970046F3DD /* LjjTabBarViewController.m in Sources */ = {isa = PBXBuildFile; fileRef = 3C9CDF531B2942970046F3DD /* LjjTabBarViewController.m */; };
		3C9CDF571B2944B70046F3DD /* LjjTabBar.m in Sources */ = {isa = PBXBuildFile; fileRef = 3C9CDF561B2944B70046F3DD /* LjjTabBar.m */; };
		3CDBEB4B1B2AEBF700CBEFFE /* LjjTabBarButton.m in Sources */ = {isa = PBXBuildFile; fileRef = 3CDBEB4A1B2AEBF700CBEFFE /* LjjTabBarButton.m */; };
		3CDBEB4E1B2FC14D00CBEFFE /* LjjBadgeButton.m in Sources */ = {isa = PBXBuildFile; fileRef = 3CDBEB4D1B2FC14D00CBEFFE /* LjjBadgeButton.m */; };
		3CDBEB541B31356F00CBEFFE /* LjjNavigationController.m in Sources */ = {isa = PBXBuildFile; fileRef = 3CDBEB531B31356F00CBEFFE /* LjjNavigationController.m */; };
/* End PBXBuildFile section */

/* Begin PBXContainerItemProxy section */
		3C9CDEBD1B267EE70046F3DD /* PBXContainerItemProxy */ = {
			isa = PBXContainerItemProxy;
			containerPortal = 3C9CDE9B1B267EE70046F3DD /* Project object */;
			proxyType = 1;
			remoteGlobalIDString = 3C9CDEA21B267EE70046F3DD;
			remoteInfo = LjjWeibo;
		};
/* End PBXContainerItemProxy section */

/* Begin PBXFileReference section */
		3C9CDEA31B267EE70046F3DD /* LjjWeibo.app */ = {isa = PBXFileReference; explicitFileType = wrapper.application; includeInIndex = 0; path = LjjWeibo.app; sourceTree = BUILT_PRODUCTS_DIR; };
		3C9CDEA71B267EE70046F3DD /* Info.plist */ = {isa = PBXFileReference; lastKnownFileType = text.plist.xml; path = Info.plist; sourceTree = "<group>"; };
		3C9CDEB31B267EE70046F3DD /* Images.xcassets */ = {isa = PBXFileReference; lastKnownFileType = folder.assetcatalog; path = Images.xcassets; sourceTree = "<group>"; };
		3C9CDEBC1B267EE70046F3DD /* LjjWeiboTests.xctest */ = {isa = PBXFileReference; explicitFileType = wrapper.cfbundle; includeInIndex = 0; path = LjjWeiboTests.xctest; sourceTree = BUILT_PRODUCTS_DIR; };
		3C9CDEC11B267EE70046F3DD /* Info.plist */ = {isa = PBXFileReference; lastKnownFileType = text.plist.xml; path = Info.plist; sourceTree = "<group>"; };
		3C9CDEC21B267EE70046F3DD /* LjjWeiboTests.m */ = {isa = PBXFileReference; lastKnownFileType = sourcecode.c.objc; path = LjjWeiboTests.m; sourceTree = "<group>"; };
		3C9CDF1E1B2928390046F3DD /* HomeViewController.h */ = {isa = PBXFileReference; fileEncoding = 4; lastKnownFileType = sourcecode.c.h; path = HomeViewController.h; sourceTree = "<group>"; };
		3C9CDF1F1B2928390046F3DD /* HomeViewController.m */ = {isa = PBXFileReference; fileEncoding = 4; lastKnownFileType = sourcecode.c.objc; path = HomeViewController.m; sourceTree = "<group>"; };
		3C9CDF241B2928390046F3DD /* MessageViewController.h */ = {isa = PBXFileReference; fileEncoding = 4; lastKnownFileType = sourcecode.c.h; path = MessageViewController.h; sourceTree = "<group>"; };
		3C9CDF251B2928390046F3DD /* MessageViewController.m */ = {isa = PBXFileReference; fileEncoding = 4; lastKnownFileType = sourcecode.c.objc; path = MessageViewController.m; sourceTree = "<group>"; };
		3C9CDF2A1B2928390046F3DD /* DiscoverViewController.h */ = {isa = PBXFileReference; fileEncoding = 4; lastKnownFileType = sourcecode.c.h; path = DiscoverViewController.h; sourceTree = "<group>"; };
		3C9CDF2B1B2928390046F3DD /* DiscoverViewController.m */ = {isa = PBXFileReference; fileEncoding = 4; lastKnownFileType = sourcecode.c.objc; path = DiscoverViewController.m; sourceTree = "<group>"; };
		3C9CDF301B2928390046F3DD /* MeViewController.h */ = {isa = PBXFileReference; fileEncoding = 4; lastKnownFileType = sourcecode.c.h; path = MeViewController.h; sourceTree = "<group>"; };
		3C9CDF311B2928390046F3DD /* MeViewController.m */ = {isa = PBXFileReference; fileEncoding = 4; lastKnownFileType = sourcecode.c.objc; path = MeViewController.m; sourceTree = "<group>"; };
		3C9CDF351B2928390046F3DD /* AppDelegate.h */ = {isa = PBXFileReference; fileEncoding = 4; lastKnownFileType = sourcecode.c.h; path = AppDelegate.h; sourceTree = "<group>"; };
		3C9CDF361B2928390046F3DD /* AppDelegate.m */ = {isa = PBXFileReference; fileEncoding = 4; lastKnownFileType = sourcecode.c.objc; path = AppDelegate.m; sourceTree = "<group>"; };
		3C9CDF371B2928390046F3DD /* main.m */ = {isa = PBXFileReference; fileEncoding = 4; lastKnownFileType = sourcecode.c.objc; path = main.m; sourceTree = "<group>"; };
		3C9CDF401B29296C0046F3DD /* PrefixHeader.pch */ = {isa = PBXFileReference; fileEncoding = 4; lastKnownFileType = sourcecode.c.h; path = PrefixHeader.pch; sourceTree = "<group>"; };
		3C9CDF481B29389A0046F3DD /* UIImage+Ljj.h */ = {isa = PBXFileReference; fileEncoding = 4; lastKnownFileType = sourcecode.c.h; path = "UIImage+Ljj.h"; sourceTree = "<group>"; };
		3C9CDF491B29389A0046F3DD /* UIImage+Ljj.m */ = {isa = PBXFileReference; fileEncoding = 4; lastKnownFileType = sourcecode.c.objc; path = "UIImage+Ljj.m"; sourceTree = "<group>"; };
		3C9CDF521B2942970046F3DD /* LjjTabBarViewController.h */ = {isa = PBXFileReference; fileEncoding = 4; lastKnownFileType = sourcecode.c.h; path = LjjTabBarViewController.h; sourceTree = "<group>"; };
		3C9CDF531B2942970046F3DD /* LjjTabBarViewController.m */ = {isa = PBXFileReference; fileEncoding = 4; lastKnownFileType = sourcecode.c.objc; path = LjjTabBarViewController.m; sourceTree = "<group>"; };
		3C9CDF551B2944B70046F3DD /* LjjTabBar.h */ = {isa = PBXFileReference; fileEncoding = 4; lastKnownFileType = sourcecode.c.h; path = LjjTabBar.h; sourceTree = "<group>"; };
		3C9CDF561B2944B70046F3DD /* LjjTabBar.m */ = {isa = PBXFileReference; fileEncoding = 4; lastKnownFileType = sourcecode.c.objc; path = LjjTabBar.m; sourceTree = "<group>"; };
		3CDBEB491B2AEBF700CBEFFE /* LjjTabBarButton.h */ = {isa = PBXFileReference; fileEncoding = 4; lastKnownFileType = sourcecode.c.h; path = LjjTabBarButton.h; sourceTree = "<group>"; };
		3CDBEB4A1B2AEBF700CBEFFE /* LjjTabBarButton.m */ = {isa = PBXFileReference; fileEncoding = 4; lastKnownFileType = sourcecode.c.objc; path = LjjTabBarButton.m; sourceTree = "<group>"; };
		3CDBEB4C1B2FC14D00CBEFFE /* LjjBadgeButton.h */ = {isa = PBXFileReference; fileEncoding = 4; lastKnownFileType = sourcecode.c.h; path = LjjBadgeButton.h; sourceTree = "<group>"; };
		3CDBEB4D1B2FC14D00CBEFFE /* LjjBadgeButton.m */ = {isa = PBXFileReference; fileEncoding = 4; lastKnownFileType = sourcecode.c.objc; path = LjjBadgeButton.m; sourceTree = "<group>"; };
		3CDBEB521B31356F00CBEFFE /* LjjNavigationController.h */ = {isa = PBXFileReference; fileEncoding = 4; lastKnownFileType = sourcecode.c.h; path = LjjNavigationController.h; sourceTree = "<group>"; };
		3CDBEB531B31356F00CBEFFE /* LjjNavigationController.m */ = {isa = PBXFileReference; fileEncoding = 4; lastKnownFileType = sourcecode.c.objc; path = LjjNavigationController.m; sourceTree = "<group>"; };
/* End PBXFileReference section */

/* Begin PBXFrameworksBuildPhase section */
		3C9CDEA01B267EE70046F3DD /* Frameworks */ = {
			isa = PBXFrameworksBuildPhase;
			buildActionMask = 2147483647;
			files = (
			);
			runOnlyForDeploymentPostprocessing = 0;
		};
		3C9CDEB91B267EE70046F3DD /* Frameworks */ = {
			isa = PBXFrameworksBuildPhase;
			buildActionMask = 2147483647;
			files = (
			);
			runOnlyForDeploymentPostprocessing = 0;
		};
/* End PBXFrameworksBuildPhase section */

/* Begin PBXGroup section */
		3C9CDE9A1B267EE70046F3DD = {
			isa = PBXGroup;
			children = (
				3C9CDEA51B267EE70046F3DD /* LjjWeibo */,
				3C9CDEBF1B267EE70046F3DD /* LjjWeiboTests */,
				3C9CDEA41B267EE70046F3DD /* Products */,
			);
			sourceTree = "<group>";
		};
		3C9CDEA41B267EE70046F3DD /* Products */ = {
			isa = PBXGroup;
			children = (
				3C9CDEA31B267EE70046F3DD /* LjjWeibo.app */,
				3C9CDEBC1B267EE70046F3DD /* LjjWeiboTests.xctest */,
			);
			name = Products;
			sourceTree = "<group>";
		};
		3C9CDEA51B267EE70046F3DD /* LjjWeibo */ = {
			isa = PBXGroup;
			children = (
				3C9CDF181B2928390046F3DD /* Classes */,
				3C9CDEB31B267EE70046F3DD /* Images.xcassets */,
				3C9CDEA61B267EE70046F3DD /* Supporting Files */,
			);
			path = LjjWeibo;
			sourceTree = "<group>";
		};
		3C9CDEA61B267EE70046F3DD /* Supporting Files */ = {
			isa = PBXGroup;
			children = (
				3C9CDEA71B267EE70046F3DD /* Info.plist */,
			);
			name = "Supporting Files";
			sourceTree = "<group>";
		};
		3C9CDEBF1B267EE70046F3DD /* LjjWeiboTests */ = {
			isa = PBXGroup;
			children = (
				3C9CDEC21B267EE70046F3DD /* LjjWeiboTests.m */,
				3C9CDEC01B267EE70046F3DD /* Supporting Files */,
			);
			path = LjjWeiboTests;
			sourceTree = "<group>";
		};
		3C9CDEC01B267EE70046F3DD /* Supporting Files */ = {
			isa = PBXGroup;
			children = (
				3C9CDEC11B267EE70046F3DD /* Info.plist */,
			);
			name = "Supporting Files";
			sourceTree = "<group>";
		};
		3C9CDF181B2928390046F3DD /* Classes */ = {
			isa = PBXGroup;
			children = (
				3C9CDF191B2928390046F3DD /* 0-Main(主要) */,
				3C9CDF1C1B2928390046F3DD /* 1-Home(首页) */,
				3C9CDF221B2928390046F3DD /* 2-Message(消息) */,
				3C9CDF281B2928390046F3DD /* 3-Discover(广场) */,
				3C9CDF2E1B2928390046F3DD /* 4-Me(我) */,
				3C9CDF341B2928390046F3DD /* 5-Others(其他) */,
			);
			path = Classes;
			sourceTree = "<group>";
		};
		3C9CDF191B2928390046F3DD /* 0-Main(主要) */ = {
			isa = PBXGroup;
			children = (
				3C9CDF4C1B2942120046F3DD /* Model */,
				3C9CDF4D1B2942120046F3DD /* View */,
				3C9CDF511B2942970046F3DD /* Controller */,
			);
			path = "0-Main(主要)";
			sourceTree = "<group>";
		};
		3C9CDF1C1B2928390046F3DD /* 1-Home(首页) */ = {
			isa = PBXGroup;
			children = (
				3C9CDF1D1B2928390046F3DD /* Controller */,
				3C9CDF201B2928390046F3DD /* Model */,
				3C9CDF211B2928390046F3DD /* View */,
			);
			path = "1-Home(首页)";
			sourceTree = "<group>";
		};
		3C9CDF1D1B2928390046F3DD /* Controller */ = {
			isa = PBXGroup;
			children = (
				3C9CDF1E1B2928390046F3DD /* HomeViewController.h */,
				3C9CDF1F1B2928390046F3DD /* HomeViewController.m */,
			);
			path = Controller;
			sourceTree = "<group>";
		};
		3C9CDF201B2928390046F3DD /* Model */ = {
			isa = PBXGroup;
			children = (
			);
			path = Model;
			sourceTree = "<group>";
		};
		3C9CDF211B2928390046F3DD /* View */ = {
			isa = PBXGroup;
			children = (
			);
			path = View;
			sourceTree = "<group>";
		};
		3C9CDF221B2928390046F3DD /* 2-Message(消息) */ = {
			isa = PBXGroup;
			children = (
				3C9CDF231B2928390046F3DD /* Controller */,
				3C9CDF261B2928390046F3DD /* Model */,
				3C9CDF271B2928390046F3DD /* View */,
			);
			path = "2-Message(消息)";
			sourceTree = "<group>";
		};
		3C9CDF231B2928390046F3DD /* Controller */ = {
			isa = PBXGroup;
			children = (
				3C9CDF241B2928390046F3DD /* MessageViewController.h */,
				3C9CDF251B2928390046F3DD /* MessageViewController.m */,
			);
			path = Controller;
			sourceTree = "<group>";
		};
		3C9CDF261B2928390046F3DD /* Model */ = {
			isa = PBXGroup;
			children = (
			);
			path = Model;
			sourceTree = "<group>";
		};
		3C9CDF271B2928390046F3DD /* View */ = {
			isa = PBXGroup;
			children = (
			);
			path = View;
			sourceTree = "<group>";
		};
		3C9CDF281B2928390046F3DD /* 3-Discover(广场) */ = {
			isa = PBXGroup;
			children = (
				3C9CDF291B2928390046F3DD /* Controller */,
				3C9CDF2C1B2928390046F3DD /* Model */,
				3C9CDF2D1B2928390046F3DD /* View */,
			);
			path = "3-Discover(广场)";
			sourceTree = "<group>";
		};
		3C9CDF291B2928390046F3DD /* Controller */ = {
			isa = PBXGroup;
			children = (
				3C9CDF2A1B2928390046F3DD /* DiscoverViewController.h */,
				3C9CDF2B1B2928390046F3DD /* DiscoverViewController.m */,
			);
			path = Controller;
			sourceTree = "<group>";
		};
		3C9CDF2C1B2928390046F3DD /* Model */ = {
			isa = PBXGroup;
			children = (
			);
			path = Model;
			sourceTree = "<group>";
		};
		3C9CDF2D1B2928390046F3DD /* View */ = {
			isa = PBXGroup;
			children = (
			);
			path = View;
			sourceTree = "<group>";
		};
		3C9CDF2E1B2928390046F3DD /* 4-Me(我) */ = {
			isa = PBXGroup;
			children = (
				3C9CDF2F1B2928390046F3DD /* Controller */,
				3C9CDF321B2928390046F3DD /* Model */,
				3C9CDF331B2928390046F3DD /* View */,
			);
			path = "4-Me(我)";
			sourceTree = "<group>";
		};
		3C9CDF2F1B2928390046F3DD /* Controller */ = {
			isa = PBXGroup;
			children = (
				3C9CDF301B2928390046F3DD /* MeViewController.h */,
				3C9CDF311B2928390046F3DD /* MeViewController.m */,
			);
			path = Controller;
			sourceTree = "<group>";
		};
		3C9CDF321B2928390046F3DD /* Model */ = {
			isa = PBXGroup;
			children = (
			);
			path = Model;
			sourceTree = "<group>";
		};
		3C9CDF331B2928390046F3DD /* View */ = {
			isa = PBXGroup;
			children = (
			);
			path = View;
			sourceTree = "<group>";
		};
		3C9CDF341B2928390046F3DD /* 5-Others(其他) */ = {
			isa = PBXGroup;
			children = (
				3C9CDF471B2938880046F3DD /* Category */,
				3C9CDF351B2928390046F3DD /* AppDelegate.h */,
				3C9CDF361B2928390046F3DD /* AppDelegate.m */,
				3C9CDF371B2928390046F3DD /* main.m */,
				3C9CDF401B29296C0046F3DD /* PrefixHeader.pch */,
			);
			path = "5-Others(其他)";
			sourceTree = "<group>";
		};
		3C9CDF471B2938880046F3DD /* Category */ = {
			isa = PBXGroup;
			children = (
				3C9CDF481B29389A0046F3DD /* UIImage+Ljj.h */,
				3C9CDF491B29389A0046F3DD /* UIImage+Ljj.m */,
			);
			path = Category;
			sourceTree = "<group>";
		};
		3C9CDF4C1B2942120046F3DD /* Model */ = {
			isa = PBXGroup;
			children = (
			);
			path = Model;
			sourceTree = "<group>";
		};
		3C9CDF4D1B2942120046F3DD /* View */ = {
			isa = PBXGroup;
			children = (
				3C9CDF551B2944B70046F3DD /* LjjTabBar.h */,
				3C9CDF561B2944B70046F3DD /* LjjTabBar.m */,
				3CDBEB491B2AEBF700CBEFFE /* LjjTabBarButton.h */,
				3CDBEB4A1B2AEBF700CBEFFE /* LjjTabBarButton.m */,
				3CDBEB4C1B2FC14D00CBEFFE /* LjjBadgeButton.h */,
				3CDBEB4D1B2FC14D00CBEFFE /* LjjBadgeButton.m */,
			);
			path = View;
			sourceTree = "<group>";
		};
		3C9CDF511B2942970046F3DD /* Controller */ = {
			isa = PBXGroup;
			children = (
				3C9CDF521B2942970046F3DD /* LjjTabBarViewController.h */,
				3C9CDF531B2942970046F3DD /* LjjTabBarViewController.m */,
				3CDBEB521B31356F00CBEFFE /* LjjNavigationController.h */,
				3CDBEB531B31356F00CBEFFE /* LjjNavigationController.m */,
			);
			path = Controller;
			sourceTree = "<group>";
		};
/* End PBXGroup section */

/* Begin PBXNativeTarget section */
		3C9CDEA21B267EE70046F3DD /* LjjWeibo */ = {
			isa = PBXNativeTarget;
			buildConfigurationList = 3C9CDEC61B267EE70046F3DD /* Build configuration list for PBXNativeTarget "LjjWeibo" */;
			buildPhases = (
				3C9CDE9F1B267EE70046F3DD /* Sources */,
				3C9CDEA01B267EE70046F3DD /* Frameworks */,
				3C9CDEA11B267EE70046F3DD /* Resources */,
			);
			buildRules = (
			);
			dependencies = (
			);
			name = LjjWeibo;
			productName = LjjWeibo;
			productReference = 3C9CDEA31B267EE70046F3DD /* LjjWeibo.app */;
			productType = "com.apple.product-type.application";
		};
		3C9CDEBB1B267EE70046F3DD /* LjjWeiboTests */ = {
			isa = PBXNativeTarget;
			buildConfigurationList = 3C9CDEC91B267EE70046F3DD /* Build configuration list for PBXNativeTarget "LjjWeiboTests" */;
			buildPhases = (
				3C9CDEB81B267EE70046F3DD /* Sources */,
				3C9CDEB91B267EE70046F3DD /* Frameworks */,
				3C9CDEBA1B267EE70046F3DD /* Resources */,
			);
			buildRules = (
			);
			dependencies = (
				3C9CDEBE1B267EE70046F3DD /* PBXTargetDependency */,
			);
			name = LjjWeiboTests;
			productName = LjjWeiboTests;
			productReference = 3C9CDEBC1B267EE70046F3DD /* LjjWeiboTests.xctest */;
			productType = "com.apple.product-type.bundle.unit-test";
		};
/* End PBXNativeTarget section */

/* Begin PBXProject section */
		3C9CDE9B1B267EE70046F3DD /* Project object */ = {
			isa = PBXProject;
			attributes = {
				LastUpgradeCheck = 0630;
				ORGANIZATIONNAME = liujingjing;
				TargetAttributes = {
					3C9CDEA21B267EE70046F3DD = {
						CreatedOnToolsVersion = 6.3.2;
					};
					3C9CDEBB1B267EE70046F3DD = {
						CreatedOnToolsVersion = 6.3.2;
						TestTargetID = 3C9CDEA21B267EE70046F3DD;
					};
				};
			};
			buildConfigurationList = 3C9CDE9E1B267EE70046F3DD /* Build configuration list for PBXProject "LjjWeibo" */;
			compatibilityVersion = "Xcode 3.2";
			developmentRegion = English;
			hasScannedForEncodings = 0;
			knownRegions = (
				en,
				Base,
			);
			mainGroup = 3C9CDE9A1B267EE70046F3DD;
			productRefGroup = 3C9CDEA41B267EE70046F3DD /* Products */;
			projectDirPath = "";
			projectRoot = "";
			targets = (
				3C9CDEA21B267EE70046F3DD /* LjjWeibo */,
				3C9CDEBB1B267EE70046F3DD /* LjjWeiboTests */,
			);
		};
/* End PBXProject section */

/* Begin PBXResourcesBuildPhase section */
		3C9CDEA11B267EE70046F3DD /* Resources */ = {
			isa = PBXResourcesBuildPhase;
			buildActionMask = 2147483647;
			files = (
				3C9CDEB41B267EE70046F3DD /* Images.xcassets in Resources */,
			);
			runOnlyForDeploymentPostprocessing = 0;
		};
		3C9CDEBA1B267EE70046F3DD /* Resources */ = {
			isa = PBXResourcesBuildPhase;
			buildActionMask = 2147483647;
			files = (
			);
			runOnlyForDeploymentPostprocessing = 0;
		};
/* End PBXResourcesBuildPhase section */

/* Begin PBXSourcesBuildPhase section */
		3C9CDE9F1B267EE70046F3DD /* Sources */ = {
			isa = PBXSourcesBuildPhase;
			buildActionMask = 2147483647;
			files = (
				3CDBEB4B1B2AEBF700CBEFFE /* LjjTabBarButton.m in Sources */,
				3C9CDF3A1B2928390046F3DD /* MessageViewController.m in Sources */,
				3C9CDF3B1B2928390046F3DD /* DiscoverViewController.m in Sources */,
				3C9CDF3D1B2928390046F3DD /* AppDelegate.m in Sources */,
				3CDBEB541B31356F00CBEFFE /* LjjNavigationController.m in Sources */,
				3C9CDF541B2942970046F3DD /* LjjTabBarViewController.m in Sources */,
				3C9CDF4A1B29389A0046F3DD /* UIImage+Ljj.m in Sources */,
				3C9CDF391B2928390046F3DD /* HomeViewController.m in Sources */,
				3CDBEB4E1B2FC14D00CBEFFE /* LjjBadgeButton.m in Sources */,
				3C9CDF571B2944B70046F3DD /* LjjTabBar.m in Sources */,
				3C9CDF3E1B2928390046F3DD /* main.m in Sources */,
				3C9CDF3C1B2928390046F3DD /* MeViewController.m in Sources */,
			);
			runOnlyForDeploymentPostprocessing = 0;
		};
		3C9CDEB81B267EE70046F3DD /* Sources */ = {
			isa = PBXSourcesBuildPhase;
			buildActionMask = 2147483647;
			files = (
				3C9CDEC31B267EE70046F3DD /* LjjWeiboTests.m in Sources */,
			);
			runOnlyForDeploymentPostprocessing = 0;
		};
/* End PBXSourcesBuildPhase section */

/* Begin PBXTargetDependency section */
		3C9CDEBE1B267EE70046F3DD /* PBXTargetDependency */ = {
			isa = PBXTargetDependency;
			target = 3C9CDEA21B267EE70046F3DD /* LjjWeibo */;
			targetProxy = 3C9CDEBD1B267EE70046F3DD /* PBXContainerItemProxy */;
		};
/* End PBXTargetDependency section */

/* Begin XCBuildConfiguration section */
		3C9CDEC41B267EE70046F3DD /* Debug */ = {
			isa = XCBuildConfiguration;
			buildSettings = {
				ALWAYS_SEARCH_USER_PATHS = NO;
				CLANG_CXX_LANGUAGE_STANDARD = "gnu++0x";
				CLANG_CXX_LIBRARY = "libc++";
				CLANG_ENABLE_MODULES = YES;
				CLANG_ENABLE_OBJC_ARC = YES;
				CLANG_WARN_BOOL_CONVERSION = YES;
				CLANG_WARN_CONSTANT_CONVERSION = YES;
				CLANG_WARN_DIRECT_OBJC_ISA_USAGE = YES_ERROR;
				CLANG_WARN_EMPTY_BODY = YES;
				CLANG_WARN_ENUM_CONVERSION = YES;
				CLANG_WARN_INT_CONVERSION = YES;
				CLANG_WARN_OBJC_ROOT_CLASS = YES_ERROR;
				CLANG_WARN_UNREACHABLE_CODE = YES;
				CLANG_WARN__DUPLICATE_METHOD_MATCH = YES;
				"CODE_SIGN_IDENTITY[sdk=iphoneos*]" = "iPhone Developer";
				COPY_PHASE_STRIP = NO;
				DEBUG_INFORMATION_FORMAT = "dwarf-with-dsym";
				ENABLE_STRICT_OBJC_MSGSEND = YES;
				GCC_C_LANGUAGE_STANDARD = gnu99;
				GCC_DYNAMIC_NO_PIC = NO;
				GCC_NO_COMMON_BLOCKS = YES;
				GCC_OPTIMIZATION_LEVEL = 0;
				GCC_PREPROCESSOR_DEFINITIONS = (
					"DEBUG=1",
					"$(inherited)",
				);
				GCC_SYMBOLS_PRIVATE_EXTERN = NO;
				GCC_WARN_64_TO_32_BIT_CONVERSION = YES;
				GCC_WARN_ABOUT_RETURN_TYPE = YES_ERROR;
				GCC_WARN_UNDECLARED_SELECTOR = YES;
				GCC_WARN_UNINITIALIZED_AUTOS = YES_AGGRESSIVE;
				GCC_WARN_UNUSED_FUNCTION = YES;
				GCC_WARN_UNUSED_VARIABLE = YES;
				IPHONEOS_DEPLOYMENT_TARGET = 8.3;
				MTL_ENABLE_DEBUG_INFO = YES;
				ONLY_ACTIVE_ARCH = YES;
				SDKROOT = iphoneos;
			};
			name = Debug;
		};
		3C9CDEC51B267EE70046F3DD /* Release */ = {
			isa = XCBuildConfiguration;
			buildSettings = {
				ALWAYS_SEARCH_USER_PATHS = NO;
				CLANG_CXX_LANGUAGE_STANDARD = "gnu++0x";
				CLANG_CXX_LIBRARY = "libc++";
				CLANG_ENABLE_MODULES = YES;
				CLANG_ENABLE_OBJC_ARC = YES;
				CLANG_WARN_BOOL_CONVERSION = YES;
				CLANG_WARN_CONSTANT_CONVERSION = YES;
				CLANG_WARN_DIRECT_OBJC_ISA_USAGE = YES_ERROR;
				CLANG_WARN_EMPTY_BODY = YES;
				CLANG_WARN_ENUM_CONVERSION = YES;
				CLANG_WARN_INT_CONVERSION = YES;
				CLANG_WARN_OBJC_ROOT_CLASS = YES_ERROR;
				CLANG_WARN_UNREACHABLE_CODE = YES;
				CLANG_WARN__DUPLICATE_METHOD_MATCH = YES;
				"CODE_SIGN_IDENTITY[sdk=iphoneos*]" = "iPhone Developer";
				COPY_PHASE_STRIP = NO;
				DEBUG_INFORMATION_FORMAT = "dwarf-with-dsym";
				ENABLE_NS_ASSERTIONS = NO;
				ENABLE_STRICT_OBJC_MSGSEND = YES;
				GCC_C_LANGUAGE_STANDARD = gnu99;
				GCC_NO_COMMON_BLOCKS = YES;
				GCC_WARN_64_TO_32_BIT_CONVERSION = YES;
				GCC_WARN_ABOUT_RETURN_TYPE = YES_ERROR;
				GCC_WARN_UNDECLARED_SELECTOR = YES;
				GCC_WARN_UNINITIALIZED_AUTOS = YES_AGGRESSIVE;
				GCC_WARN_UNUSED_FUNCTION = YES;
				GCC_WARN_UNUSED_VARIABLE = YES;
				IPHONEOS_DEPLOYMENT_TARGET = 8.3;
				MTL_ENABLE_DEBUG_INFO = NO;
				SDKROOT = iphoneos;
				VALIDATE_PRODUCT = YES;
			};
			name = Release;
		};
		3C9CDEC71B267EE70046F3DD /* Debug */ = {
			isa = XCBuildConfiguration;
			buildSettings = {
				ASSETCATALOG_COMPILER_APPICON_NAME = AppIcon;
				ASSETCATALOG_COMPILER_LAUNCHIMAGE_NAME = LaunchImage;
				GCC_PRECOMPILE_PREFIX_HEADER = YES;
				GCC_PREFIX_HEADER = "/Users/liujingjing/Desktop/LjjWeibo/LjjWeibo/LjjWeibo/Classes/5-Others(其他)/PrefixHeader.pch";
				INFOPLIST_FILE = LjjWeibo/Info.plist;
				IPHONEOS_DEPLOYMENT_TARGET = 6.1;
				LD_RUNPATH_SEARCH_PATHS = "$(inherited) @executable_path/Frameworks";
				PRECOMPS_INCLUDE_HEADERS_FROM_BUILT_PRODUCTS_DIR = YES;
				PRODUCT_NAME = "$(TARGET_NAME)";
				TARGETED_DEVICE_FAMILY = 1;
			};
			name = Debug;
		};
		3C9CDEC81B267EE70046F3DD /* Release */ = {
			isa = XCBuildConfiguration;
			buildSettings = {
				ASSETCATALOG_COMPILER_APPICON_NAME = AppIcon;
				ASSETCATALOG_COMPILER_LAUNCHIMAGE_NAME = LaunchImage;
				GCC_PRECOMPILE_PREFIX_HEADER = YES;
				GCC_PREFIX_HEADER = "/Users/liujingjing/Desktop/LjjWeibo/LjjWeibo/LjjWeibo/Classes/5-Others(其他)/PrefixHeader.pch";
				INFOPLIST_FILE = LjjWeibo/Info.plist;
				IPHONEOS_DEPLOYMENT_TARGET = 6.1;
				LD_RUNPATH_SEARCH_PATHS = "$(inherited) @executable_path/Frameworks";
				PRECOMPS_INCLUDE_HEADERS_FROM_BUILT_PRODUCTS_DIR = YES;
				PRODUCT_NAME = "$(TARGET_NAME)";
				TARGETED_DEVICE_FAMILY = 1;
			};
			name = Release;
		};
		3C9CDECA1B267EE70046F3DD /* Debug */ = {
			isa = XCBuildConfiguration;
			buildSettings = {
				BUNDLE_LOADER = "$(TEST_HOST)";
				FRAMEWORK_SEARCH_PATHS = (
					"$(SDKROOT)/Developer/Library/Frameworks",
					"$(inherited)",
				);
				GCC_PREPROCESSOR_DEFINITIONS = (
					"DEBUG=1",
					"$(inherited)",
				);
				INFOPLIST_FILE = LjjWeiboTests/Info.plist;
				LD_RUNPATH_SEARCH_PATHS = "$(inherited) @executable_path/Frameworks @loader_path/Frameworks";
				PRODUCT_NAME = "$(TARGET_NAME)";
				TEST_HOST = "$(BUILT_PRODUCTS_DIR)/LjjWeibo.app/LjjWeibo";
			};
			name = Debug;
		};
		3C9CDECB1B267EE70046F3DD /* Release */ = {
			isa = XCBuildConfiguration;
			buildSettings = {
				BUNDLE_LOADER = "$(TEST_HOST)";
				FRAMEWORK_SEARCH_PATHS = (
					"$(SDKROOT)/Developer/Library/Frameworks",
					"$(inherited)",
				);
				INFOPLIST_FILE = LjjWeiboTests/Info.plist;
				LD_RUNPATH_SEARCH_PATHS = "$(inherited) @executable_path/Frameworks @loader_path/Frameworks";
				PRODUCT_NAME = "$(TARGET_NAME)";
				TEST_HOST = "$(BUILT_PRODUCTS_DIR)/LjjWeibo.app/LjjWeibo";
			};
			name = Release;
		};
/* End XCBuildConfiguration section */

/* Begin XCConfigurationList section */
		3C9CDE9E1B267EE70046F3DD /* Build configuration list for PBXProject "LjjWeibo" */ = {
			isa = XCConfigurationList;
			buildConfigurations = (
				3C9CDEC41B267EE70046F3DD /* Debug */,
				3C9CDEC51B267EE70046F3DD /* Release */,
			);
			defaultConfigurationIsVisible = 0;
			defaultConfigurationName = Release;
		};
		3C9CDEC61B267EE70046F3DD /* Build configuration list for PBXNativeTarget "LjjWeibo" */ = {
			isa = XCConfigurationList;
			buildConfigurations = (
				3C9CDEC71B267EE70046F3DD /* Debug */,
				3C9CDEC81B267EE70046F3DD /* Release */,
			);
			defaultConfigurationIsVisible = 0;
			defaultConfigurationName = Release;
		};
		3C9CDEC91B267EE70046F3DD /* Build configuration list for PBXNativeTarget "LjjWeiboTests" */ = {
			isa = XCConfigurationList;
			buildConfigurations = (
				3C9CDECA1B267EE70046F3DD /* Debug */,
				3C9CDECB1B267EE70046F3DD /* Release */,
			);
			defaultConfigurationIsVisible = 0;
			defaultConfigurationName = Release;
		};
/* End XCConfigurationList section */
	};
	rootObject = 3C9CDE9B1B267EE70046F3DD /* Project object */;
}
